// !$*UTF8*$!
{
	archiveVersion = 1;
	classes = {
	};
	objectVersion = 46;
	objects = {

/* Begin PBXBuildFile section */
		DC1247281A46346600DCDCA8 /* SagradaFamilia.jpeg in Resources */ = {isa = PBXBuildFile; fileRef = DC1247271A46346600DCDCA8 /* SagradaFamilia.jpeg */; };
		DC12472A1A463FEA00DCDCA8 /* AlbertEinsteinStamp.jpg in Resources */ = {isa = PBXBuildFile; fileRef = DC1247291A463FEA00DCDCA8 /* AlbertEinsteinStamp.jpg */; };
		DCFC4F2F1A3CBF6C00239716 /* AppDelegate.swift in Sources */ = {isa = PBXBuildFile; fileRef = DCFC4F2E1A3CBF6C00239716 /* AppDelegate.swift */; };
		DCFC4F311A3CBF6C00239716 /* ViewController.swift in Sources */ = {isa = PBXBuildFile; fileRef = DCFC4F301A3CBF6C00239716 /* ViewController.swift */; };
		DCFC4F341A3CBF6C00239716 /* Main.storyboard in Resources */ = {isa = PBXBuildFile; fileRef = DCFC4F321A3CBF6C00239716 /* Main.storyboard */; };
		DCFC4F361A3CBF6C00239716 /* Images.xcassets in Resources */ = {isa = PBXBuildFile; fileRef = DCFC4F351A3CBF6C00239716 /* Images.xcassets */; };
		DCFC4F391A3CBF6C00239716 /* LaunchScreen.xib in Resources */ = {isa = PBXBuildFile; fileRef = DCFC4F371A3CBF6C00239716 /* LaunchScreen.xib */; };
		DCFC4F451A3CBF6D00239716 /* PostcardTests.swift in Sources */ = {isa = PBXBuildFile; fileRef = DCFC4F441A3CBF6D00239716 /* PostcardTests.swift */; };
/* End PBXBuildFile section */

/* Begin PBXContainerItemProxy section */
		DCFC4F3F1A3CBF6D00239716 /* PBXContainerItemProxy */ = {
			isa = PBXContainerItemProxy;
			containerPortal = DCFC4F211A3CBF6C00239716 /* Project object */;
			proxyType = 1;
			remoteGlobalIDString = DCFC4F281A3CBF6C00239716;
			remoteInfo = Postcard;
		};
/* End PBXContainerItemProxy section */

/* Begin PBXFileReference section */
		DC1247271A46346600DCDCA8 /* SagradaFamilia.jpeg */ = {isa = PBXFileReference; lastKnownFileType = image.jpeg; path = SagradaFamilia.jpeg; sourceTree = "<group>"; };
		DC1247291A463FEA00DCDCA8 /* AlbertEinsteinStamp.jpg */ = {isa = PBXFileReference; lastKnownFileType = image.jpeg; path = AlbertEinsteinStamp.jpg; sourceTree = "<group>"; };
		DCFC4F291A3CBF6C00239716 /* Postcard.app */ = {isa = PBXFileReference; explicitFileType = wrapper.application; includeInIndex = 0; path = Postcard.app; sourceTree = BUILT_PRODUCTS_DIR; };
		DCFC4F2D1A3CBF6C00239716 /* Info.plist */ = {isa = PBXFileReference; lastKnownFileType = text.plist.xml; path = Info.plist; sourceTree = "<group>"; };
		DCFC4F2E1A3CBF6C00239716 /* AppDelegate.swift */ = {isa = PBXFileReference; lastKnownFileType = sourcecode.swift; path = AppDelegate.swift; sourceTree = "<group>"; };
		DCFC4F301A3CBF6C00239716 /* ViewController.swift */ = {isa = PBXFileReference; lastKnownFileType = sourcecode.swift; path = ViewController.swift; sourceTree = "<group>"; };
		DCFC4F331A3CBF6C00239716 /* Base */ = {isa = PBXFileReference; lastKnownFileType = file.storyboard; name = Base; path = Base.lproj/Main.storyboard; sourceTree = "<group>"; };
		DCFC4F351A3CBF6C00239716 /* Images.xcassets */ = {isa = PBXFileReference; lastKnownFileType = folder.assetcatalog; path = Images.xcassets; sourceTree = "<group>"; };
		DCFC4F381A3CBF6C00239716 /* Base */ = {isa = PBXFileReference; lastKnownFileType = file.xib; name = Base; path = Base.lproj/LaunchScreen.xib; sourceTree = "<group>"; };
		DCFC4F3E1A3CBF6D00239716 /* PostcardTests.xctest */ = {isa = PBXFileReference; explicitFileType = wrapper.cfbundle; includeInIndex = 0; path = PostcardTests.xctest; sourceTree = BUILT_PRODUCTS_DIR; };
		DCFC4F431A3CBF6D00239716 /* Info.plist */ = {isa = PBXFileReference; lastKnownFileType = text.plist.xml; path = Info.plist; sourceTree = "<group>"; };
		DCFC4F441A3CBF6D00239716 /* PostcardTests.swift */ = {isa = PBXFileReference; lastKnownFileType = sourcecode.swift; path = PostcardTests.swift; sourceTree = "<group>"; };
/* End PBXFileReference section */

/* Begin PBXFrameworksBuildPhase section */
		DCFC4F261A3CBF6C00239716 /* Frameworks */ = {
			isa = PBXFrameworksBuildPhase;
			buildActionMask = 2147483647;
			files = (
			);
			runOnlyForDeploymentPostprocessing = 0;
		};
		DCFC4F3B1A3CBF6D00239716 /* Frameworks */ = {
			isa = PBXFrameworksBuildPhase;
			buildActionMask = 2147483647;
			files = (
			);
			runOnlyForDeploymentPostprocessing = 0;
		};
/* End PBXFrameworksBuildPhase section */

/* Begin PBXGroup section */
		DCFC4F201A3CBF6C00239716 = {
			isa = PBXGroup;
			children = (
				DCFC4F2B1A3CBF6C00239716 /* Postcard */,
				DCFC4F411A3CBF6D00239716 /* PostcardTests */,
				DCFC4F2A1A3CBF6C00239716 /* Products */,
			);
			sourceTree = "<group>";
		};
		DCFC4F2A1A3CBF6C00239716 /* Products */ = {
			isa = PBXGroup;
			children = (
				DCFC4F291A3CBF6C00239716 /* Postcard.app */,
				DCFC4F3E1A3CBF6D00239716 /* PostcardTests.xctest */,
			);
			name = Products;
			sourceTree = "<group>";
		};
		DCFC4F2B1A3CBF6C00239716 /* Postcard */ = {
			isa = PBXGroup;
			children = (
				DCFC4F2E1A3CBF6C00239716 /* AppDelegate.swift */,
				DCFC4F301A3CBF6C00239716 /* ViewController.swift */,
				DCFC4F321A3CBF6C00239716 /* Main.storyboard */,
				DCFC4F351A3CBF6C00239716 /* Images.xcassets */,
				DCFC4F371A3CBF6C00239716 /* LaunchScreen.xib */,
				DCFC4F2C1A3CBF6C00239716 /* Supporting Files */,
			);
			path = Postcard;
			sourceTree = "<group>";
		};
		DCFC4F2C1A3CBF6C00239716 /* Supporting Files */ = {
			isa = PBXGroup;
			children = (
				DC1247291A463FEA00DCDCA8 /* AlbertEinsteinStamp.jpg */,
				DC1247271A46346600DCDCA8 /* SagradaFamilia.jpeg */,
				DCFC4F2D1A3CBF6C00239716 /* Info.plist */,
			);
			name = "Supporting Files";
			sourceTree = "<group>";
		};
		DCFC4F411A3CBF6D00239716 /* PostcardTests */ = {
			isa = PBXGroup;
			children = (
				DCFC4F441A3CBF6D00239716 /* PostcardTests.swift */,
				DCFC4F421A3CBF6D00239716 /* Supporting Files */,
			);
			path = PostcardTests;
			sourceTree = "<group>";
		};
		DCFC4F421A3CBF6D00239716 /* Supporting Files */ = {
			isa = PBXGroup;
			children = (
				DCFC4F431A3CBF6D00239716 /* Info.plist */,
			);
			name = "Supporting Files";
			sourceTree = "<group>";
		};
/* End PBXGroup section */

/* Begin PBXNativeTarget section */
		DCFC4F281A3CBF6C00239716 /* Postcard */ = {
			isa = PBXNativeTarget;
			buildConfigurationList = DCFC4F481A3CBF6D00239716 /* Build configuration list for PBXNativeTarget "Postcard" */;
			buildPhases = (
				DCFC4F251A3CBF6C00239716 /* Sources */,
				DCFC4F261A3CBF6C00239716 /* Frameworks */,
				DCFC4F271A3CBF6C00239716 /* Resources */,
			);
			buildRules = (
			);
			dependencies = (
			);
			name = Postcard;
			productName = Postcard;
			productReference = DCFC4F291A3CBF6C00239716 /* Postcard.app */;
			productType = "com.apple.product-type.application";
		};
		DCFC4F3D1A3CBF6D00239716 /* PostcardTests */ = {
			isa = PBXNativeTarget;
			buildConfigurationList = DCFC4F4B1A3CBF6D00239716 /* Build configuration list for PBXNativeTarget "PostcardTests" */;
			buildPhases = (
				DCFC4F3A1A3CBF6D00239716 /* Sources */,
				DCFC4F3B1A3CBF6D00239716 /* Frameworks */,
				DCFC4F3C1A3CBF6D00239716 /* Resources */,
			);
			buildRules = (
			);
			dependencies = (
				DCFC4F401A3CBF6D00239716 /* PBXTargetDependency */,
			);
			name = PostcardTests;
			productName = PostcardTests;
			productReference = DCFC4F3E1A3CBF6D00239716 /* PostcardTests.xctest */;
			productType = "com.apple.product-type.bundle.unit-test";
		};
/* End PBXNativeTarget section */

/* Begin PBXProject section */
		DCFC4F211A3CBF6C00239716 /* Project object */ = {
			isa = PBXProject;
			attributes = {
				LastUpgradeCheck = 0610;
				ORGANIZATIONNAME = Stephen;
				TargetAttributes = {
					DCFC4F281A3CBF6C00239716 = {
						CreatedOnToolsVersion = 6.1.1;
					};
					DCFC4F3D1A3CBF6D00239716 = {
						CreatedOnToolsVersion = 6.1.1;
						TestTargetID = DCFC4F281A3CBF6C00239716;
					};
				};
			};
			buildConfigurationList = DCFC4F241A3CBF6C00239716 /* Build configuration list for PBXProject "Postcard" */;
			compatibilityVersion = "Xcode 3.2";
			developmentRegion = English;
			hasScannedForEncodings = 0;
			knownRegions = (
				en,
				Base,
			);
			mainGroup = DCFC4F201A3CBF6C00239716;
			productRefGroup = DCFC4F2A1A3CBF6C00239716 /* Products */;
			projectDirPath = "";
			projectRoot = "";
			targets = (
				DCFC4F281A3CBF6C00239716 /* Postcard */,
				DCFC4F3D1A3CBF6D00239716 /* PostcardTests */,
			);
		};
/* End PBXProject section */

/* Begin PBXResourcesBuildPhase section */
		DCFC4F271A3CBF6C00239716 /* Resources */ = {
			isa = PBXResourcesBuildPhase;
			buildActionMask = 2147483647;
			files = (
				DCFC4F341A3CBF6C00239716 /* Main.storyboard in Resources */,
				DC1247281A46346600DCDCA8 /* SagradaFamilia.jpeg in Resources */,
				DC12472A1A463FEA00DCDCA8 /* AlbertEinsteinStamp.jpg in Resources */,
				DCFC4F391A3CBF6C00239716 /* LaunchScreen.xib in Resources */,
				DCFC4F361A3CBF6C00239716 /* Images.xcassets in Resources */,
			);
			runOnlyForDeploymentPostprocessing = 0;
		};
		DCFC4F3C1A3CBF6D00239716 /* Resources */ = {
			isa = PBXResourcesBuildPhase;
			buildActionMask = 2147483647;
			files = (
			);
			runOnlyForDeploymentPostprocessing = 0;
		};
/* End PBXResourcesBuildPhase section */

/* Begin PBXSourcesBuildPhase section */
		DCFC4F251A3CBF6C00239716 /* Sources */ = {
			isa = PBXSourcesBuildPhase;
			buildActionMask = 2147483647;
			files = (
				DCFC4F311A3CBF6C00239716 /* ViewController.swift in Sources */,
				DCFC4F2F1A3CBF6C00239716 /* AppDelegate.swift in Sources */,
			);
			runOnlyForDeploymentPostprocessing = 0;
		};
		DCFC4F3A1A3CBF6D00239716 /* Sources */ = {
			isa = PBXSourcesBuildPhase;
			buildActionMask = 2147483647;
			files = (
				DCFC4F451A3CBF6D00239716 /* PostcardTests.swift in Sources */,
			);
			runOnlyForDeploymentPostprocessing = 0;
		};
/* End PBXSourcesBuildPhase section */

/* Begin PBXTargetDependency section */
		DCFC4F401A3CBF6D00239716 /* PBXTargetDependency */ = {
			isa = PBXTargetDependency;
			target = DCFC4F281A3CBF6C00239716 /* Postcard */;
			targetProxy = DCFC4F3F1A3CBF6D00239716 /* PBXContainerItemProxy */;
		};
/* End PBXTargetDependency section */

/* Begin PBXVariantGroup section */
		DCFC4F321A3CBF6C00239716 /* Main.storyboard */ = {
			isa = PBXVariantGroup;
			children = (
				DCFC4F331A3CBF6C00239716 /* Base */,
			);
			name = Main.storyboard;
			sourceTree = "<group>";
		};
		DCFC4F371A3CBF6C00239716 /* LaunchScreen.xib */ = {
			isa = PBXVariantGroup;
			children = (
				DCFC4F381A3CBF6C00239716 /* Base */,
			);
			name = LaunchScreen.xib;
			sourceTree = "<group>";
		};
/* End PBXVariantGroup section */

/* Begin XCBuildConfiguration section */
		DCFC4F461A3CBF6D00239716 /* Debug */ = {
			isa = XCBuildConfiguration;
			buildSettings = {
				ALWAYS_SEARCH_USER_PATHS = NO;
				CLANG_CXX_LANGUAGE_STANDARD = "gnu++0x";
				CLANG_CXX_LIBRARY = "libc++";
				CLANG_ENABLE_MODULES = YES;
				CLANG_ENABLE_OBJC_ARC = YES;
				CLANG_WARN_BOOL_CONVERSION = YES;
				CLANG_WARN_CONSTANT_CONVERSION = YES;
				CLANG_WARN_DIRECT_OBJC_ISA_USAGE = YES_ERROR;
				CLANG_WARN_EMPTY_BODY = YES;
				CLANG_WARN_ENUM_CONVERSION = YES;
				CLANG_WARN_INT_CONVERSION = YES;
				CLANG_WARN_OBJC_ROOT_CLASS = YES_ERROR;
				CLANG_WARN_UNREACHABLE_CODE = YES;
				CLANG_WARN__DUPLICATE_METHOD_MATCH = YES;
				"CODE_SIGN_IDENTITY[sdk=iphoneos*]" = "iPhone Developer";
				COPY_PHASE_STRIP = NO;
				ENABLE_STRICT_OBJC_MSGSEND = YES;
				GCC_C_LANGUAGE_STANDARD = gnu99;
				GCC_DYNAMIC_NO_PIC = NO;
				GCC_OPTIMIZATION_LEVEL = 0;
				GCC_PREPROCESSOR_DEFINITIONS = (
					"DEBUG=1",
					"$(inherited)",
				);
				GCC_SYMBOLS_PRIVATE_EXTERN = NO;
				GCC_WARN_64_TO_32_BIT_CONVERSION = YES;
				GCC_WARN_ABOUT_RETURN_TYPE = YES_ERROR;
				GCC_WARN_UNDECLARED_SELECTOR = YES;
				GCC_WARN_UNINITIALIZED_AUTOS = YES_AGGRESSIVE;
				GCC_WARN_UNUSED_FUNCTION = YES;
				GCC_WARN_UNUSED_VARIABLE = YES;
				IPHONEOS_DEPLOYMENT_TARGET = 8.1;
				MTL_ENABLE_DEBUG_INFO = YES;
				ONLY_ACTIVE_ARCH = YES;
				SDKROOT = iphoneos;
				SWIFT_OPTIMIZATION_LEVEL = "-Onone";
				TARGETED_DEVICE_FAMILY = "1,2";
			};
			name = Debug;
		};
		DCFC4F471A3CBF6D00239716 /* Release */ = {
			isa = XCBuildConfiguration;
			buildSettings = {
				ALWAYS_SEARCH_USER_PATHS = NO;
				CLANG_CXX_LANGUAGE_STANDARD = "gnu++0x";
				CLANG_CXX_LIBRARY = "libc++";
				CLANG_ENABLE_MODULES = YES;
				CLANG_ENABLE_OBJC_ARC = YES;
				CLANG_WARN_BOOL_CONVERSION = YES;
				CLANG_WARN_CONSTANT_CONVERSION = YES;
				CLANG_WARN_DIRECT_OBJC_ISA_USAGE = YES_ERROR;
				CLANG_WARN_EMPTY_BODY = YES;
				CLANG_WARN_ENUM_CONVERSION = YES;
				CLANG_WARN_INT_CONVERSION = YES;
				CLANG_WARN_OBJC_ROOT_CLASS = YES_ERROR;
				CLANG_WARN_UNREACHABLE_CODE = YES;
				CLANG_WARN__DUPLICATE_METHOD_MATCH = YES;
				"CODE_SIGN_IDENTITY[sdk=iphoneos*]" = "iPhone Developer";
				COPY_PHASE_STRIP = YES;
				ENABLE_NS_ASSERTIONS = NO;
				ENABLE_STRICT_OBJC_MSGSEND = YES;
				GCC_C_LANGUAGE_STANDARD = gnu99;
				GCC_WARN_64_TO_32_BIT_CONVERSION = YES;
				GCC_WARN_ABOUT_RETURN_TYPE = YES_ERROR;
				GCC_WARN_UNDECLARED_SELECTOR = YES;
				GCC_WARN_UNINITIALIZED_AUTOS = YES_AGGRESSIVE;
				GCC_WARN_UNUSED_FUNCTION = YES;
				GCC_WARN_UNUSED_VARIABLE = YES;
				IPHONEOS_DEPLOYMENT_TARGET = 8.1;
				MTL_ENABLE_DEBUG_INFO = NO;
				SDKROOT = iphoneos;
				TARGETED_DEVICE_FAMILY = "1,2";
				VALIDATE_PRODUCT = YES;
			};
			name = Release;
		};
		DCFC4F491A3CBF6D00239716 /* Debug */ = {
			isa = XCBuildConfiguration;
			buildSettings = {
				ASSETCATALOG_COMPILER_APPICON_NAME = AppIcon;
				INFOPLIST_FILE = Postcard/Info.plist;
				LD_RUNPATH_SEARCH_PATHS = "$(inherited) @executable_path/Frameworks";
				PRODUCT_NAME = "$(TARGET_NAME)";
			};
			name = Debug;
		};
		DCFC4F4A1A3CBF6D00239716 /* Release */ = {
			isa = XCBuildConfiguration;
			buildSettings = {
				ASSETCATALOG_COMPILER_APPICON_NAME = AppIcon;
				INFOPLIST_FILE = Postcard/Info.plist;
				LD_RUNPATH_SEARCH_PATHS = "$(inherited) @executable_path/Frameworks";
				PRODUCT_NAME = "$(TARGET_NAME)";
			};
			name = Release;
		};
		DCFC4F4C1A3CBF6D00239716 /* Debug */ = {
			isa = XCBuildConfiguration;
			buildSettings = {
				BUNDLE_LOADER = "$(TEST_HOST)";
				FRAMEWORK_SEARCH_PATHS = (
					"$(SDKROOT)/Developer/Library/Frameworks",
					"$(inherited)",
				);
				GCC_PREPROCESSOR_DEFINITIONS = (
					"DEBUG=1",
					"$(inherited)",
				);
				INFOPLIST_FILE = PostcardTests/Info.plist;
				LD_RUNPATH_SEARCH_PATHS = "$(inherited) @executable_path/Frameworks @loader_path/Frameworks";
				PRODUCT_NAME = "$(TARGET_NAME)";
				TEST_HOST = "$(BUILT_PRODUCTS_DIR)/Postcard.app/Postcard";
			};
			name = Debug;
		};
		DCFC4F4D1A3CBF6D00239716 /* Release */ = {
			isa = XCBuildConfiguration;
			buildSettings = {
				BUNDLE_LOADER = "$(TEST_HOST)";
				FRAMEWORK_SEARCH_PATHS = (
					"$(SDKROOT)/Developer/Library/Frameworks",
					"$(inherited)",
				);
				INFOPLIST_FILE = PostcardTests/Info.plist;
				LD_RUNPATH_SEARCH_PATHS = "$(inherited) @executable_path/Frameworks @loader_path/Frameworks";
				PRODUCT_NAME = "$(TARGET_NAME)";
				TEST_HOST = "$(BUILT_PRODUCTS_DIR)/Postcard.app/Postcard";
			};
			name = Release;
		};
/* End XCBuildConfiguration section */

/* Begin XCConfigurationList section */
		DCFC4F241A3CBF6C00239716 /* Build configuration list for PBXProject "Postcard" */ = {
			isa = XCConfigurationList;
			buildConfigurations = (
				DCFC4F461A3CBF6D00239716 /* Debug */,
				DCFC4F471A3CBF6D00239716 /* Release */,
			);
			defaultConfigurationIsVisible = 0;
			defaultConfigurationName = Release;
		};
		DCFC4F481A3CBF6D00239716 /* Build configuration list for PBXNativeTarget "Postcard" */ = {
			isa = XCConfigurationList;
			buildConfigurations = (
				DCFC4F491A3CBF6D00239716 /* Debug */,
				DCFC4F4A1A3CBF6D00239716 /* Release */,
			);
			defaultConfigurationIsVisible = 0;
			defaultConfigurationName = Release;
		};
		DCFC4F4B1A3CBF6D00239716 /* Build configuration list for PBXNativeTarget "PostcardTests" */ = {
			isa = XCConfigurationList;
			buildConfigurations = (
				DCFC4F4C1A3CBF6D00239716 /* Debug */,
				DCFC4F4D1A3CBF6D00239716 /* Release */,
			);
			defaultConfigurationIsVisible = 0;
			defaultConfigurationName = Release;
		};
/* End XCConfigurationList section */
	};
	rootObject = DCFC4F211A3CBF6C00239716 /* Project object */;
}
